
Microsoft Visual Studio Solution File, Format Version 12.00
# Visual Studio Version 17
VisualStudioVersion = 17.6.33815.320
MinimumVisualStudioVersion = 10.0.40219.1
Project("{FAE04EC0-301F-11D3-BF4B-00C04F79EFBC}") = "RedisExampleApp.API", "RedisExampleApp.API\RedisExampleApp.API.csproj", "{ED38AD51-5355-4389-89E4-DEB738553805}"
EndProject
Project("{FAE04EC0-301F-11D3-BF4B-00C04F79EFBC}") = "RedisExampleApp.Cache", "RedisExampleApp.Cache\RedisExampleApp.Cache.csproj", "{915CBFC2-3CCF-41C8-9A84-2F8EF93657D2}"
EndProject
Global
	GlobalSection(SolutionConfigurationPlatforms) = preSolution
		Debug|Any CPU = Debug|Any CPU
		Release|Any CPU = Release|Any CPU
	EndGlobalSection
	GlobalSection(ProjectConfigurationPlatforms) = postSolution
		{ED38AD51-5355-4389-89E4-DEB738553805}.Debug|Any CPU.ActiveCfg = Debug|Any CPU
		{ED38AD51-5355-4389-89E4-DEB738553805}.Debug|Any CPU.Build.0 = Debug|Any CPU
		{ED38AD51-5355-4389-89E4-DEB738553805}.Release|Any CPU.ActiveCfg = Release|Any CPU
		{ED38AD51-5355-4389-89E4-DEB738553805}.Release|Any CPU.Build.0 = Release|Any CPU
		{915CBFC2-3CCF-41C8-9A84-2F8EF93657D2}.Debug|Any CPU.ActiveCfg = Debug|Any CPU
		{915CBFC2-3CCF-41C8-9A84-2F8EF93657D2}.Debug|Any CPU.Build.0 = Debug|Any CPU
		{915CBFC2-3CCF-41C8-9A84-2F8EF93657D2}.Release|Any CPU.ActiveCfg = Release|Any CPU
		{915CBFC2-3CCF-41C8-9A84-2F8EF93657D2}.Release|Any CPU.Build.0 = Release|Any CPU
	EndGlobalSection
	GlobalSection(SolutionProperties) = preSolution
		HideSolutionNode = FALSE
	EndGlobalSection
	GlobalSection(ExtensibilityGlobals) = postSolution
		SolutionGuid = {4E67B37D-2ABD-481D-995B-D57E84813609}
	EndGlobalSection
EndGlobal
